
Microsoft Visual Studio Solution File, Format Version 12.00
# Visual Studio Version 17
VisualStudioVersion = 17.0.32112.339
MinimumVisualStudioVersion = 10.0.40219.1
Project("{9A19103F-16F7-4668-BE54-9A1E7A4F7556}") = "LessonOne", "LessonOne\LessonOne.csproj", "{3CD5B494-00E7-4E5C-B35A-F6C17D0A9559}"
EndProject
Project("{9A19103F-16F7-4668-BE54-9A1E7A4F7556}") = "LessonTwo", "LessonTwo\LessonTwo.csproj", "{79C047E9-FE43-4596-B525-9D67266DD8D7}"
EndProject
Project("{9A19103F-16F7-4668-BE54-9A1E7A4F7556}") = "LessonThree", "LessonThree\LessonThree.csproj", "{A3662E06-C398-4F59-90B2-80939A4B305E}"
EndProject
Project("{9A19103F-16F7-4668-BE54-9A1E7A4F7556}") = "LessonFour", "LessonFour\LessonFour.csproj", "{CE60437F-E9DB-4EEB-8989-FF539F3A1F3E}"
EndProject
Project("{9A19103F-16F7-4668-BE54-9A1E7A4F7556}") = "LessonFive", "LessonFive\LessonFive.csproj", "{ABAA5CAE-BCF7-4A4E-9A28-8F6D799501C6}"
EndProject
Project("{FAE04EC0-301F-11D3-BF4B-00C04F79EFBC}") = "Experiments", "Experiments\Experiments.csproj", "{117703BF-9E4E-44FF-99B5-69B65B026439}"
EndProject
Project("{FAE04EC0-301F-11D3-BF4B-00C04F79EFBC}") = "ClassLibrary", "ClassLibrary\ClassLibrary.csproj", "{F6DB2141-6459-4C70-880C-735BBEF33AFC}"
EndProject
Global
	GlobalSection(SolutionConfigurationPlatforms) = preSolution
		Debug|Any CPU = Debug|Any CPU
		Release|Any CPU = Release|Any CPU
	EndGlobalSection
	GlobalSection(ProjectConfigurationPlatforms) = postSolution
		{3CD5B494-00E7-4E5C-B35A-F6C17D0A9559}.Debug|Any CPU.ActiveCfg = Debug|Any CPU
		{3CD5B494-00E7-4E5C-B35A-F6C17D0A9559}.Debug|Any CPU.Build.0 = Debug|Any CPU
		{3CD5B494-00E7-4E5C-B35A-F6C17D0A9559}.Release|Any CPU.ActiveCfg = Release|Any CPU
		{3CD5B494-00E7-4E5C-B35A-F6C17D0A9559}.Release|Any CPU.Build.0 = Release|Any CPU
		{79C047E9-FE43-4596-B525-9D67266DD8D7}.Debug|Any CPU.ActiveCfg = Debug|Any CPU
		{79C047E9-FE43-4596-B525-9D67266DD8D7}.Debug|Any CPU.Build.0 = Debug|Any CPU
		{79C047E9-FE43-4596-B525-9D67266DD8D7}.Release|Any CPU.ActiveCfg = Release|Any CPU
		{79C047E9-FE43-4596-B525-9D67266DD8D7}.Release|Any CPU.Build.0 = Release|Any CPU
		{A3662E06-C398-4F59-90B2-80939A4B305E}.Debug|Any CPU.ActiveCfg = Debug|Any CPU
		{A3662E06-C398-4F59-90B2-80939A4B305E}.Debug|Any CPU.Build.0 = Debug|Any CPU
		{A3662E06-C398-4F59-90B2-80939A4B305E}.Release|Any CPU.ActiveCfg = Release|Any CPU
		{A3662E06-C398-4F59-90B2-80939A4B305E}.Release|Any CPU.Build.0 = Release|Any CPU
		{CE60437F-E9DB-4EEB-8989-FF539F3A1F3E}.Debug|Any CPU.ActiveCfg = Debug|Any CPU
		{CE60437F-E9DB-4EEB-8989-FF539F3A1F3E}.Debug|Any CPU.Build.0 = Debug|Any CPU
		{CE60437F-E9DB-4EEB-8989-FF539F3A1F3E}.Release|Any CPU.ActiveCfg = Release|Any CPU
		{CE60437F-E9DB-4EEB-8989-FF539F3A1F3E}.Release|Any CPU.Build.0 = Release|Any CPU
		{ABAA5CAE-BCF7-4A4E-9A28-8F6D799501C6}.Debug|Any CPU.ActiveCfg = Debug|Any CPU
		{ABAA5CAE-BCF7-4A4E-9A28-8F6D799501C6}.Debug|Any CPU.Build.0 = Debug|Any CPU
		{ABAA5CAE-BCF7-4A4E-9A28-8F6D799501C6}.Release|Any CPU.ActiveCfg = Release|Any CPU
		{ABAA5CAE-BCF7-4A4E-9A28-8F6D799501C6}.Release|Any CPU.Build.0 = Release|Any CPU
		{117703BF-9E4E-44FF-99B5-69B65B026439}.Debug|Any CPU.ActiveCfg = Debug|Any CPU
		{117703BF-9E4E-44FF-99B5-69B65B026439}.Debug|Any CPU.Build.0 = Debug|Any CPU
		{117703BF-9E4E-44FF-99B5-69B65B026439}.Release|Any CPU.ActiveCfg = Release|Any CPU
		{117703BF-9E4E-44FF-99B5-69B65B026439}.Release|Any CPU.Build.0 = Release|Any CPU
		{F6DB2141-6459-4C70-880C-735BBEF33AFC}.Debug|Any CPU.ActiveCfg = Debug|Any CPU
		{F6DB2141-6459-4C70-880C-735BBEF33AFC}.Debug|Any CPU.Build.0 = Debug|Any CPU
		{F6DB2141-6459-4C70-880C-735BBEF33AFC}.Release|Any CPU.ActiveCfg = Release|Any CPU
		{F6DB2141-6459-4C70-880C-735BBEF33AFC}.Release|Any CPU.Build.0 = Release|Any CPU
	EndGlobalSection
	GlobalSection(SolutionProperties) = preSolution
		HideSolutionNode = FALSE
	EndGlobalSection
	GlobalSection(ExtensibilityGlobals) = postSolution
		SolutionGuid = {9244C90C-EE71-4ED2-BFF4-6CD4DFA04ECB}
	EndGlobalSection
EndGlobal
